
Microsoft Visual Studio Solution File, Format Version 12.00
# Visual Studio Version 16
VisualStudioVersion = 16.0.30309.148
MinimumVisualStudioVersion = 10.0.40219.1
Project("{FAE04EC0-301F-11D3-BF4B-00C04F79EFBC}") = "part 3b - basic input", "part 3b - basic input\part 3b - basic input.csproj", "{D17CBCBD-DA28-49BF-9279-C00A70AEF172}"
EndProject
Global
	GlobalSection(SolutionConfigurationPlatforms) = preSolution
		Debug|Any CPU = Debug|Any CPU
		Release|Any CPU = Release|Any CPU
	EndGlobalSection
	GlobalSection(ProjectConfigurationPlatforms) = postSolution
		{D17CBCBD-DA28-49BF-9279-C00A70AEF172}.Debug|Any CPU.ActiveCfg = Debug|Any CPU
		{D17CBCBD-DA28-49BF-9279-C00A70AEF172}.Debug|Any CPU.Build.0 = Debug|Any CPU
		{D17CBCBD-DA28-49BF-9279-C00A70AEF172}.Release|Any CPU.ActiveCfg = Release|Any CPU
		{D17CBCBD-DA28-49BF-9279-C00A70AEF172}.Release|Any CPU.Build.0 = Release|Any CPU
	EndGlobalSection
	GlobalSection(SolutionProperties) = preSolution
		HideSolutionNode = FALSE
	EndGlobalSection
	GlobalSection(ExtensibilityGlobals) = postSolution
		SolutionGuid = {B0BE78C6-06A0-47BA-B34B-85052AB6C374}
	EndGlobalSection
EndGlobal
